<?xml version="1.0" encoding="utf-8"?>
<Project ToolsVersion="15.0" xmlns="http://schemas.microsoft.com/developer/msbuild/2003">
  <ItemGroup>
    <CustomBuild Include="C:\Development\op3d_active\xerces-c-3.2.2\doc\CMakeLists.txt" />
  </ItemGroup>
  <ItemGroup>
    <None Include="C:\Development\op3d_active\xerces-c-3.2.2\doc\style\dtd\blocks.ent">
      <Filter>style/dtd</Filter>
    </None>
    <None Include="C:\Development\op3d_active\xerces-c-3.2.2\doc\style\dtd\characters.ent">
      <Filter>style/dtd</Filter>
    </None>
    <None Include="C:\Development\op3d_active\xerces-c-3.2.2\doc\style\dtd\links.ent">
      <Filter>style/dtd</Filter>
    </None>
    <None Include="C:\Development\op3d_active\xerces-c-3.2.2\doc\style\dtd\markup.ent">
      <Filter>style/dtd</Filter>
    </None>
    <None Include="C:\Development\op3d_active\xerces-c-3.2.2\doc\style\graphics\button-a.gif">
      <Filter>style/graphics</Filter>
    </None>
    <None Include="C:\Development\op3d_active\xerces-c-3.2.2\doc\style\graphics\button-b.gif">
      <Filter>style/graphics</Filter>
    </None>
    <None Include="C:\Development\op3d_active\xerces-c-3.2.2\doc\style\graphics\section.gif">
      <Filter>style/graphics</Filter>
    </None>
    <None Include="C:\Development\op3d_active\xerces-c-3.2.2\doc\style\resources\bottom.gif">
      <Filter>style/resources</Filter>
    </None>
    <None Include="C:\Development\op3d_active\xerces-c-3.2.2\doc\style\resources\button-asf-hi.gif">
      <Filter>style/resources</Filter>
    </None>
    <None Include="C:\Development\op3d_active\xerces-c-3.2.2\doc\style\resources\button-asf-lo.gif">
      <Filter>style/resources</Filter>
    </None>
    <None Include="C:\Development\op3d_active\xerces-c-3.2.2\doc\style\resources\button-w3c-hi.gif">
      <Filter>style/resources</Filter>
    </None>
    <None Include="C:\Development\op3d_active\xerces-c-3.2.2\doc\style\resources\button-w3c-lo.gif">
      <Filter>style/resources</Filter>
    </None>
    <None Include="C:\Development\op3d_active\xerces-c-3.2.2\doc\style\resources\button-xml-hi.gif">
      <Filter>style/resources</Filter>
    </None>
    <None Include="C:\Development\op3d_active\xerces-c-3.2.2\doc\style\resources\button-xml-lo.gif">
      <Filter>style/resources</Filter>
    </None>
    <None Include="C:\Development\op3d_active\xerces-c-3.2.2\doc\style\resources\close.gif">
      <Filter>style/resources</Filter>
    </None>
    <None Include="C:\Development\op3d_active\xerces-c-3.2.2\doc\style\resources\dot.gif">
      <Filter>style/resources</Filter>
    </None>
    <None Include="C:\Development\op3d_active\xerces-c-3.2.2\doc\style\resources\join.gif">
      <Filter>style/resources</Filter>
    </None>
    <None Include="C:\Development\op3d_active\xerces-c-3.2.2\doc\style\resources\line.gif">
      <Filter>style/resources</Filter>
    </None>
    <None Include="C:\Development\op3d_active\xerces-c-3.2.2\doc\style\resources\logo.gif">
      <Filter>style/resources</Filter>
    </None>
    <None Include="C:\Development\op3d_active\xerces-c-3.2.2\doc\style\resources\note.gif">
      <Filter>style/resources</Filter>
    </None>
    <None Include="C:\Development\op3d_active\xerces-c-3.2.2\doc\style\resources\right.gif">
      <Filter>style/resources</Filter>
    </None>
    <None Include="C:\Development\op3d_active\xerces-c-3.2.2\doc\style\resources\separator-space.gif">
      <Filter>style/resources</Filter>
    </None>
    <None Include="C:\Development\op3d_active\xerces-c-3.2.2\doc\style\resources\separator.gif">
      <Filter>style/resources</Filter>
    </None>
    <None Include="C:\Development\op3d_active\xerces-c-3.2.2\doc\style\resources\void.gif">
      <Filter>style/resources</Filter>
    </None>
    <None Include="C:\Development\op3d_active\xerces-c-3.2.2\doc\style\stylesheets\any2header.xsl">
      <Filter>style/stylesheets</Filter>
    </None>
    <None Include="C:\Development\op3d_active\xerces-c-3.2.2\doc\style\stylesheets\any2project.xsl">
      <Filter>style/stylesheets</Filter>
    </None>
    <None Include="C:\Development\op3d_active\xerces-c-3.2.2\doc\style\stylesheets\book2group.xsl">
      <Filter>style/stylesheets</Filter>
    </None>
    <None Include="C:\Development\op3d_active\xerces-c-3.2.2\doc\style\stylesheets\book2project.xsl">
      <Filter>style/stylesheets</Filter>
    </None>
    <None Include="C:\Development\op3d_active\xerces-c-3.2.2\doc\style\stylesheets\changes2document.xsl">
      <Filter>style/stylesheets</Filter>
    </None>
    <None Include="C:\Development\op3d_active\xerces-c-3.2.2\doc\style\stylesheets\context2footer.xsl">
      <Filter>style/stylesheets</Filter>
    </None>
    <None Include="C:\Development\op3d_active\xerces-c-3.2.2\doc\style\stylesheets\context2label.xsl">
      <Filter>style/stylesheets</Filter>
    </None>
    <None Include="C:\Development\op3d_active\xerces-c-3.2.2\doc\style\stylesheets\context2section.xsl">
      <Filter>style/stylesheets</Filter>
    </None>
    <None Include="C:\Development\op3d_active\xerces-c-3.2.2\doc\style\stylesheets\directory2project.xsl">
      <Filter>style/stylesheets</Filter>
    </None>
    <None Include="C:\Development\op3d_active\xerces-c-3.2.2\doc\style\stylesheets\document2html.xsl">
      <Filter>style/stylesheets</Filter>
    </None>
    <None Include="C:\Development\op3d_active\xerces-c-3.2.2\doc\style\stylesheets\faqs2document.xsl">
      <Filter>style/stylesheets</Filter>
    </None>
    <None Include="C:\Development\op3d_active\xerces-c-3.2.2\doc\style\stylesheets\group2document.xsl">
      <Filter>style/stylesheets</Filter>
    </None>
  </ItemGroup>
  <ItemGroup>
    <XML Include="C:\Development\op3d_active\xerces-c-3.2.2\doc\style\loader.xml">
      <Filter>style</Filter>
    </XML>
  </ItemGroup>
  <ItemGroup>
    <Filter Include="style">
      <UniqueIdentifier>{9FC85BDE-E288-31C7-ADF8-7CD0E350743F}</UniqueIdentifier>
    </Filter>
    <Filter Include="style/dtd">
      <UniqueIdentifier>{F7837774-F817-3D12-8F0B-DA04CDDD9CBD}</UniqueIdentifier>
    </Filter>
    <Filter Include="style/graphics">
      <UniqueIdentifier>{2828F03D-2761-3B09-A12C-6BB297881EE5}</UniqueIdentifier>
    </Filter>
    <Filter Include="style/resources">
      <UniqueIdentifier>{6051B267-41A1-389C-BB4C-9C23947C6AEB}</UniqueIdentifier>
    </Filter>
    <Filter Include="style/stylesheets">
      <UniqueIdentifier>{E6225AB7-BEF3-3FC4-B005-D60C06CD789D}</UniqueIdentifier>
    </Filter>
  </ItemGroup>
</Project>
